
Microsoft Visual Studio Solution File, Format Version 12.00
# Visual Studio Version 17
VisualStudioVersion = 17.7.34024.191
MinimumVisualStudioVersion = 10.0.40219.1
Project("{9A19103F-16F7-4668-BE54-9A1E7A4F7556}") = "ARK Server Creation Tool", "ASA-Manager\ARK Server Creation Tool.csproj", "{06E991F5-0E5C-4213-87A6-C766AB5FDB2F}"
EndProject
Global
	GlobalSection(SolutionConfigurationPlatforms) = preSolution
		Debug|Any CPU = Debug|Any CPU
		Release|Any CPU = Release|Any CPU
	EndGlobalSection
	GlobalSection(ProjectConfigurationPlatforms) = postSolution
		{06E991F5-0E5C-4213-87A6-C766AB5FDB2F}.Debug|Any CPU.ActiveCfg = Debug|Any CPU
		{06E991F5-0E5C-4213-87A6-C766AB5FDB2F}.Debug|Any CPU.Build.0 = Debug|Any CPU
		{06E991F5-0E5C-4213-87A6-C766AB5FDB2F}.Release|Any CPU.ActiveCfg = Release|Any CPU
		{06E991F5-0E5C-4213-87A6-C766AB5FDB2F}.Release|Any CPU.Build.0 = Release|Any CPU
	EndGlobalSection
	GlobalSection(SolutionProperties) = preSolution
		HideSolutionNode = FALSE
	EndGlobalSection
	GlobalSection(ExtensibilityGlobals) = postSolution
		SolutionGuid = {226833DB-5E67-40C9-9C1F-9D417873049B}
	EndGlobalSection
EndGlobal
